
Microsoft Visual Studio Solution File, Format Version 12.00
# Visual Studio Version 16
VisualStudioVersion = 16.0.29911.84
MinimumVisualStudioVersion = 10.0.40219.1
Project("{2150E333-8FDC-42A3-9474-1A3956D46DE8}") = "Application", "Application", "{89A3598E-54D4-4391-9776-0C30E853B5CC}"
EndProject
Project("{2150E333-8FDC-42A3-9474-1A3956D46DE8}") = "CoreLib", "CoreLib", "{DD202F0C-34ED-43FD-A4CE-F371BF3EF673}"
EndProject
Project("{9A19103F-16F7-4668-BE54-9A1E7A4F7556}") = "NexpaAdapterCoreApp", "Application\NexpaConnectApp\NexpaAdapterCoreApp.csproj", "{9E56FD4E-932A-4FCD-B265-259DEC7F1105}"
EndProject
Project("{FAE04EC0-301F-11D3-BF4B-00C04F79EFBC}") = "NexpaConnectWinApp", "Application\NexpaConnectWinApp\NexpaConnectWinApp.csproj", "{2CD97280-E4DD-4523-A982-948148073DF2}"
EndProject
Project("{9A19103F-16F7-4668-BE54-9A1E7A4F7556}") = "DB", "CoreLib\DB\DB.csproj", "{F4BA8AD7-1454-46B0-879E-399685475460}"
EndProject
Project("{9A19103F-16F7-4668-BE54-9A1E7A4F7556}") = "NpmStandardLib", "CoreLib\NexpaAdapterCore\NpmStandardLib.csproj", "{FD2E3EA0-30B9-4A82-8273-90B87CCE9815}"
EndProject
Project("{9A19103F-16F7-4668-BE54-9A1E7A4F7556}") = "NexpaNetworkCore", "CoreLib\NexpaNetworkCore\NexpaNetworkCore.csproj", "{4F084C37-5C65-410C-8348-9BF319C959BA}"
EndProject
Project("{9A19103F-16F7-4668-BE54-9A1E7A4F7556}") = "NpmAdapter", "NpmAdapter\NpmAdapter.csproj", "{52165791-6BCE-486F-A717-76DB0E5C610A}"
EndProject
Project("{FAE04EC0-301F-11D3-BF4B-00C04F79EFBC}") = "NexpaConnectWpfApp", "Application\NexpaConnectWpfApp\NexpaConnectWpfApp.csproj", "{22BEB2E1-FAB9-4790-B8CA-637F6EB3282C}"
EndProject
Project("{2150E333-8FDC-42A3-9474-1A3956D46DE8}") = "Domain", "Domain", "{529CFC00-80CF-4423-80C2-9D820DFF3572}"
	ProjectSection(SolutionItems) = preProject
		아파트너.txt = 아파트너.txt
	EndProjectSection
EndProject
Global
	GlobalSection(SolutionConfigurationPlatforms) = preSolution
		Debug|Any CPU = Debug|Any CPU
		Release|Any CPU = Release|Any CPU
	EndGlobalSection
	GlobalSection(ProjectConfigurationPlatforms) = postSolution
		{9E56FD4E-932A-4FCD-B265-259DEC7F1105}.Debug|Any CPU.ActiveCfg = Debug|Any CPU
		{9E56FD4E-932A-4FCD-B265-259DEC7F1105}.Debug|Any CPU.Build.0 = Debug|Any CPU
		{9E56FD4E-932A-4FCD-B265-259DEC7F1105}.Release|Any CPU.ActiveCfg = Release|Any CPU
		{9E56FD4E-932A-4FCD-B265-259DEC7F1105}.Release|Any CPU.Build.0 = Release|Any CPU
		{2CD97280-E4DD-4523-A982-948148073DF2}.Debug|Any CPU.ActiveCfg = Debug|Any CPU
		{2CD97280-E4DD-4523-A982-948148073DF2}.Debug|Any CPU.Build.0 = Debug|Any CPU
		{2CD97280-E4DD-4523-A982-948148073DF2}.Release|Any CPU.ActiveCfg = Release|Any CPU
		{2CD97280-E4DD-4523-A982-948148073DF2}.Release|Any CPU.Build.0 = Release|Any CPU
		{F4BA8AD7-1454-46B0-879E-399685475460}.Debug|Any CPU.ActiveCfg = Debug|Any CPU
		{F4BA8AD7-1454-46B0-879E-399685475460}.Debug|Any CPU.Build.0 = Debug|Any CPU
		{F4BA8AD7-1454-46B0-879E-399685475460}.Release|Any CPU.ActiveCfg = Release|Any CPU
		{FD2E3EA0-30B9-4A82-8273-90B87CCE9815}.Debug|Any CPU.ActiveCfg = Debug|Any CPU
		{FD2E3EA0-30B9-4A82-8273-90B87CCE9815}.Debug|Any CPU.Build.0 = Debug|Any CPU
		{FD2E3EA0-30B9-4A82-8273-90B87CCE9815}.Release|Any CPU.ActiveCfg = Release|Any CPU
		{FD2E3EA0-30B9-4A82-8273-90B87CCE9815}.Release|Any CPU.Build.0 = Release|Any CPU
		{4F084C37-5C65-410C-8348-9BF319C959BA}.Debug|Any CPU.ActiveCfg = Debug|Any CPU
		{4F084C37-5C65-410C-8348-9BF319C959BA}.Debug|Any CPU.Build.0 = Debug|Any CPU
		{4F084C37-5C65-410C-8348-9BF319C959BA}.Release|Any CPU.ActiveCfg = Release|Any CPU
		{4F084C37-5C65-410C-8348-9BF319C959BA}.Release|Any CPU.Build.0 = Release|Any CPU
		{52165791-6BCE-486F-A717-76DB0E5C610A}.Debug|Any CPU.ActiveCfg = Debug|Any CPU
		{52165791-6BCE-486F-A717-76DB0E5C610A}.Debug|Any CPU.Build.0 = Debug|Any CPU
		{52165791-6BCE-486F-A717-76DB0E5C610A}.Release|Any CPU.ActiveCfg = Release|Any CPU
		{52165791-6BCE-486F-A717-76DB0E5C610A}.Release|Any CPU.Build.0 = Release|Any CPU
		{22BEB2E1-FAB9-4790-B8CA-637F6EB3282C}.Debug|Any CPU.ActiveCfg = Debug|Any CPU
		{22BEB2E1-FAB9-4790-B8CA-637F6EB3282C}.Debug|Any CPU.Build.0 = Debug|Any CPU
		{22BEB2E1-FAB9-4790-B8CA-637F6EB3282C}.Release|Any CPU.ActiveCfg = Release|Any CPU
		{22BEB2E1-FAB9-4790-B8CA-637F6EB3282C}.Release|Any CPU.Build.0 = Release|Any CPU
	EndGlobalSection
	GlobalSection(SolutionProperties) = preSolution
		HideSolutionNode = FALSE
	EndGlobalSection
	GlobalSection(NestedProjects) = preSolution
		{9E56FD4E-932A-4FCD-B265-259DEC7F1105} = {89A3598E-54D4-4391-9776-0C30E853B5CC}
		{2CD97280-E4DD-4523-A982-948148073DF2} = {89A3598E-54D4-4391-9776-0C30E853B5CC}
		{F4BA8AD7-1454-46B0-879E-399685475460} = {DD202F0C-34ED-43FD-A4CE-F371BF3EF673}
		{FD2E3EA0-30B9-4A82-8273-90B87CCE9815} = {DD202F0C-34ED-43FD-A4CE-F371BF3EF673}
		{4F084C37-5C65-410C-8348-9BF319C959BA} = {DD202F0C-34ED-43FD-A4CE-F371BF3EF673}
		{52165791-6BCE-486F-A717-76DB0E5C610A} = {DD202F0C-34ED-43FD-A4CE-F371BF3EF673}
		{22BEB2E1-FAB9-4790-B8CA-637F6EB3282C} = {89A3598E-54D4-4391-9776-0C30E853B5CC}
	EndGlobalSection
	GlobalSection(ExtensibilityGlobals) = postSolution
		SolutionGuid = {1BD4D3C1-739F-4035-8AF9-5038E781C5DD}
	EndGlobalSection
EndGlobal
